// !$*UTF8*$!
{
	archiveVersion = 1;
	classes = {
	};
	objectVersion = 46;
	objects = {

/* Begin PBXBuildFile section */
		AB0A02561F70C6C3004E602B /* main.m in Sources */ = {isa = PBXBuildFile; fileRef = AB0A02551F70C6C3004E602B /* main.m */; };
		AB0A02591F70C6C3004E602B /* AppDelegate.m in Sources */ = {isa = PBXBuildFile; fileRef = AB0A02581F70C6C3004E602B /* AppDelegate.m */; };
		AB0A025C1F70C6C3004E602B /* ViewController.m in Sources */ = {isa = PBXBuildFile; fileRef = AB0A025B1F70C6C3004E602B /* ViewController.m */; };
		AB0A025F1F70C6C3004E602B /* Main.storyboard in Resources */ = {isa = PBXBuildFile; fileRef = AB0A025D1F70C6C3004E602B /* Main.storyboard */; };
		AB0A02611F70C6C3004E602B /* Assets.xcassets in Resources */ = {isa = PBXBuildFile; fileRef = AB0A02601F70C6C3004E602B /* Assets.xcassets */; };
		AB0A02641F70C6C4004E602B /* LaunchScreen.storyboard in Resources */ = {isa = PBXBuildFile; fileRef = AB0A02621F70C6C4004E602B /* LaunchScreen.storyboard */; };
/* End PBXBuildFile section */

/* Begin PBXFileReference section */
		AB0A02511F70C6C3004E602B /* HYButton.app */ = {isa = PBXFileReference; explicitFileType = wrapper.application; includeInIndex = 0; path = HYButton.app; sourceTree = BUILT_PRODUCTS_DIR; };
		AB0A02551F70C6C3004E602B /* main.m */ = {isa = PBXFileReference; lastKnownFileType = sourcecode.c.objc; path = main.m; sourceTree = "<group>"; };
		AB0A02571F70C6C3004E602B /* AppDelegate.h */ = {isa = PBXFileReference; lastKnownFileType = sourcecode.c.h; path = AppDelegate.h; sourceTree = "<group>"; };
		AB0A02581F70C6C3004E602B /* AppDelegate.m */ = {isa = PBXFileReference; lastKnownFileType = sourcecode.c.objc; path = AppDelegate.m; sourceTree = "<group>"; };
		AB0A025A1F70C6C3004E602B /* ViewController.h */ = {isa = PBXFileReference; lastKnownFileType = sourcecode.c.h; path = ViewController.h; sourceTree = "<group>"; };
		AB0A025B1F70C6C3004E602B /* ViewController.m */ = {isa = PBXFileReference; lastKnownFileType = sourcecode.c.objc; path = ViewController.m; sourceTree = "<group>"; };
		AB0A025E1F70C6C3004E602B /* Base */ = {isa = PBXFileReference; lastKnownFileType = file.storyboard; name = Base; path = Base.lproj/Main.storyboard; sourceTree = "<group>"; };
		AB0A02601F70C6C3004E602B /* Assets.xcassets */ = {isa = PBXFileReference; lastKnownFileType = folder.assetcatalog; path = Assets.xcassets; sourceTree = "<group>"; };
		AB0A02631F70C6C4004E602B /* Base */ = {isa = PBXFileReference; lastKnownFileType = file.storyboard; name = Base; path = Base.lproj/LaunchScreen.storyboard; sourceTree = "<group>"; };
		AB0A02651F70C6C4004E602B /* Info.plist */ = {isa = PBXFileReference; lastKnownFileType = text.plist.xml; path = Info.plist; sourceTree = "<group>"; };
/* End PBXFileReference section */

/* Begin PBXFrameworksBuildPhase section */
		AB0A024E1F70C6C3004E602B /* Frameworks */ = {
			isa = PBXFrameworksBuildPhase;
			buildActionMask = 2147483647;
			files = (
			);
			runOnlyForDeploymentPostprocessing = 0;
		};
/* End PBXFrameworksBuildPhase section */

/* Begin PBXGroup section */
		AB0A02481F70C6C2004E602B = {
			isa = PBXGroup;
			children = (
				AB0A02531F70C6C3004E602B /* HYButton */,
				AB0A02521F70C6C3004E602B /* Products */,
			);
			sourceTree = "<group>";
		};
		AB0A02521F70C6C3004E602B /* Products */ = {
			isa = PBXGroup;
			children = (
				AB0A02511F70C6C3004E602B /* HYButton.app */,
			);
			name = Products;
			sourceTree = "<group>";
		};
		AB0A02531F70C6C3004E602B /* HYButton */ = {
			isa = PBXGroup;
			children = (
				AB0A02571F70C6C3004E602B /* AppDelegate.h */,
				AB0A02581F70C6C3004E602B /* AppDelegate.m */,
				AB0A025A1F70C6C3004E602B /* ViewController.h */,
				AB0A025B1F70C6C3004E602B /* ViewController.m */,
				AB0A025D1F70C6C3004E602B /* Main.storyboard */,
				AB0A02601F70C6C3004E602B /* Assets.xcassets */,
				AB0A02621F70C6C4004E602B /* LaunchScreen.storyboard */,
				AB0A02651F70C6C4004E602B /* Info.plist */,
				AB0A02541F70C6C3004E602B /* Supporting Files */,
			);
			path = HYButton;
			sourceTree = "<group>";
		};
		AB0A02541F70C6C3004E602B /* Supporting Files */ = {
			isa = PBXGroup;
			children = (
				AB0A02551F70C6C3004E602B /* main.m */,
			);
			name = "Supporting Files";
			sourceTree = "<group>";
		};
/* End PBXGroup section */

/* Begin PBXNativeTarget section */
		AB0A02501F70C6C3004E602B /* HYButton */ = {
			isa = PBXNativeTarget;
			buildConfigurationList = AB0A02681F70C6C4004E602B /* Build configuration list for PBXNativeTarget "HYButton" */;
			buildPhases = (
				AB0A024D1F70C6C3004E602B /* Sources */,
				AB0A024E1F70C6C3004E602B /* Frameworks */,
				AB0A024F1F70C6C3004E602B /* Resources */,
			);
			buildRules = (
			);
			dependencies = (
			);
			name = HYButton;
			productName = HYButton;
			productReference = AB0A02511F70C6C3004E602B /* HYButton.app */;
			productType = "com.apple.product-type.application";
		};
/* End PBXNativeTarget section */

/* Begin PBXProject section */
		AB0A02491F70C6C3004E602B /* Project object */ = {
			isa = PBXProject;
			attributes = {
				LastUpgradeCheck = 0830;
				ORGANIZATIONNAME = "张宇超";
				TargetAttributes = {
					AB0A02501F70C6C3004E602B = {
						CreatedOnToolsVersion = 8.3.1;
						DevelopmentTeam = ZZJDE2HTRL;
						ProvisioningStyle = Automatic;
					};
				};
			};
			buildConfigurationList = AB0A024C1F70C6C3004E602B /* Build configuration list for PBXProject "HYButton" */;
			compatibilityVersion = "Xcode 3.2";
			developmentRegion = English;
			hasScannedForEncodings = 0;
			knownRegions = (
				en,
				Base,
			);
			mainGroup = AB0A02481F70C6C2004E602B;
			productRefGroup = AB0A02521F70C6C3004E602B /* Products */;
			projectDirPath = "";
			projectRoot = "";
			targets = (
				AB0A02501F70C6C3004E602B /* HYButton */,
			);
		};
/* End PBXProject section */

/* Begin PBXResourcesBuildPhase section */
		AB0A024F1F70C6C3004E602B /* Resources */ = {
			isa = PBXResourcesBuildPhase;
			buildActionMask = 2147483647;
			files = (
				AB0A02641F70C6C4004E602B /* LaunchScreen.storyboard in Resources */,
				AB0A02611F70C6C3004E602B /* Assets.xcassets in Resources */,
				AB0A025F1F70C6C3004E602B /* Main.storyboard in Resources */,
			);
			runOnlyForDeploymentPostprocessing = 0;
		};
/* End PBXResourcesBuildPhase section */

/* Begin PBXSourcesBuildPhase section */
		AB0A024D1F70C6C3004E602B /* Sources */ = {
			isa = PBXSourcesBuildPhase;
			buildActionMask = 2147483647;
			files = (
				AB0A025C1F70C6C3004E602B /* ViewController.m in Sources */,
				AB0A02591F70C6C3004E602B /* AppDelegate.m in Sources */,
				AB0A02561F70C6C3004E602B /* main.m in Sources */,
			);
			runOnlyForDeploymentPostprocessing = 0;
		};
/* End PBXSourcesBuildPhase section */

/* Begin PBXVariantGroup section */
		AB0A025D1F70C6C3004E602B /* Main.storyboard */ = {
			isa = PBXVariantGroup;
			children = (
				AB0A025E1F70C6C3004E602B /* Base */,
			);
			name = Main.storyboard;
			sourceTree = "<group>";
		};
		AB0A02621F70C6C4004E602B /* LaunchScreen.storyboard */ = {
			isa = PBXVariantGroup;
			children = (
				AB0A02631F70C6C4004E602B /* Base */,
			);
			name = LaunchScreen.storyboard;
			sourceTree = "<group>";
		};
/* End PBXVariantGroup section */

/* Begin XCBuildConfiguration section */
		AB0A02661F70C6C4004E602B /* Debug */ = {
			isa = XCBuildConfiguration;
			buildSettings = {
				ALWAYS_SEARCH_USER_PATHS = NO;
				CLANG_ANALYZER_NONNULL = YES;
				CLANG_ANALYZER_NUMBER_OBJECT_CONVERSION = YES_AGGRESSIVE;
				CLANG_CXX_LANGUAGE_STANDARD = "gnu++0x";
				CLANG_CXX_LIBRARY = "libc++";
				CLANG_ENABLE_MODULES = YES;
				CLANG_ENABLE_OBJC_ARC = YES;
				CLANG_WARN_BOOL_CONVERSION = YES;
				CLANG_WARN_CONSTANT_CONVERSION = YES;
				CLANG_WARN_DIRECT_OBJC_ISA_USAGE = YES_ERROR;
				CLANG_WARN_DOCUMENTATION_COMMENTS = YES;
				CLANG_WARN_EMPTY_BODY = YES;
				CLANG_WARN_ENUM_CONVERSION = YES;
				CLANG_WARN_INFINITE_RECURSION = YES;
				CLANG_WARN_INT_CONVERSION = YES;
				CLANG_WARN_OBJC_ROOT_CLASS = YES_ERROR;
				CLANG_WARN_SUSPICIOUS_MOVE = YES;
				CLANG_WARN_UNREACHABLE_CODE = YES;
				CLANG_WARN__DUPLICATE_METHOD_MATCH = YES;
				"CODE_SIGN_IDENTITY[sdk=iphoneos*]" = "iPhone Developer";
				COPY_PHASE_STRIP = NO;
				DEBUG_INFORMATION_FORMAT = dwarf;
				ENABLE_STRICT_OBJC_MSGSEND = YES;
				ENABLE_TESTABILITY = YES;
				GCC_C_LANGUAGE_STANDARD = gnu99;
				GCC_DYNAMIC_NO_PIC = NO;
				GCC_NO_COMMON_BLOCKS = YES;
				GCC_OPTIMIZATION_LEVEL = 0;
				GCC_PREPROCESSOR_DEFINITIONS = (
					"DEBUG=1",
					"$(inherited)",
				);
				GCC_WARN_64_TO_32_BIT_CONVERSION = YES;
				GCC_WARN_ABOUT_RETURN_TYPE = YES_ERROR;
				GCC_WARN_UNDECLARED_SELECTOR = YES;
				GCC_WARN_UNINITIALIZED_AUTOS = YES_AGGRESSIVE;
				GCC_WARN_UNUSED_FUNCTION = YES;
				GCC_WARN_UNUSED_VARIABLE = YES;
				IPHONEOS_DEPLOYMENT_TARGET = 10.3;
				MTL_ENABLE_DEBUG_INFO = YES;
				ONLY_ACTIVE_ARCH = YES;
				SDKROOT = iphoneos;
				TARGETED_DEVICE_FAMILY = "1,2";
			};
			name = Debug;
		};
		AB0A02671F70C6C4004E602B /* Release */ = {
			isa = XCBuildConfiguration;
			buildSettings = {
				ALWAYS_SEARCH_USER_PATHS = NO;
				CLANG_ANALYZER_NONNULL = YES;
				CLANG_ANALYZER_NUMBER_OBJECT_CONVERSION = YES_AGGRESSIVE;
				CLANG_CXX_LANGUAGE_STANDARD = "gnu++0x";
				CLANG_CXX_LIBRARY = "libc++";
				CLANG_ENABLE_MODULES = YES;
				CLANG_ENABLE_OBJC_ARC = YES;
				CLANG_WARN_BOOL_CONVERSION = YES;
				CLANG_WARN_CONSTANT_CONVERSION = YES;
				CLANG_WARN_DIRECT_OBJC_ISA_USAGE = YES_ERROR;
				CLANG_WARN_DOCUMENTATION_COMMENTS = YES;
				CLANG_WARN_EMPTY_BODY = YES;
				CLANG_WARN_ENUM_CONVERSION = YES;
				CLANG_WARN_INFINITE_RECURSION = YES;
				CLANG_WARN_INT_CONVERSION = YES;
				CLANG_WARN_OBJC_ROOT_CLASS = YES_ERROR;
				CLANG_WARN_SUSPICIOUS_MOVE = YES;
				CLANG_WARN_UNREACHABLE_CODE = YES;
				CLANG_WARN__DUPLICATE_METHOD_MATCH = YES;
				"CODE_SIGN_IDENTITY[sdk=iphoneos*]" = "iPhone Developer";
				COPY_PHASE_STRIP = NO;
				DEBUG_INFORMATION_FORMAT = "dwarf-with-dsym";
				ENABLE_NS_ASSERTIONS = NO;
				ENABLE_STRICT_OBJC_MSGSEND = YES;
				GCC_C_LANGUAGE_STANDARD = gnu99;
				GCC_NO_COMMON_BLOCKS = YES;
				GCC_WARN_64_TO_32_BIT_CONVERSION = YES;
				GCC_WARN_ABOUT_RETURN_TYPE = YES_ERROR;
				GCC_WARN_UNDECLARED_SELECTOR = YES;
				GCC_WARN_UNINITIALIZED_AUTOS = YES_AGGRESSIVE;
				GCC_WARN_UNUSED_FUNCTION = YES;
				GCC_WARN_UNUSED_VARIABLE = YES;
				IPHONEOS_DEPLOYMENT_TARGET = 10.3;
				MTL_ENABLE_DEBUG_INFO = NO;
				SDKROOT = iphoneos;
				TARGETED_DEVICE_FAMILY = "1,2";
				VALIDATE_PRODUCT = YES;
			};
			name = Release;
		};
		AB0A02691F70C6C4004E602B /* Debug */ = {
			isa = XCBuildConfiguration;
			buildSettings = {
				ASSETCATALOG_COMPILER_APPICON_NAME = AppIcon;
				DEVELOPMENT_TEAM = ZZJDE2HTRL;
				INFOPLIST_FILE = HYButton/Info.plist;
				LD_RUNPATH_SEARCH_PATHS = "$(inherited) @executable_path/Frameworks";
				PRODUCT_BUNDLE_IDENTIFIER = com.junnet.HYButton;
				PRODUCT_NAME = "$(TARGET_NAME)";
			};
			name = Debug;
		};
		AB0A026A1F70C6C4004E602B /* Release */ = {
			isa = XCBuildConfiguration;
			buildSettings = {
				ASSETCATALOG_COMPILER_APPICON_NAME = AppIcon;
				DEVELOPMENT_TEAM = ZZJDE2HTRL;
				INFOPLIST_FILE = HYButton/Info.plist;
				LD_RUNPATH_SEARCH_PATHS = "$(inherited) @executable_path/Frameworks";
				PRODUCT_BUNDLE_IDENTIFIER = com.junnet.HYButton;
				PRODUCT_NAME = "$(TARGET_NAME)";
			};
			name = Release;
		};
/* End XCBuildConfiguration section */

/* Begin XCConfigurationList section */
		AB0A024C1F70C6C3004E602B /* Build configuration list for PBXProject "HYButton" */ = {
			isa = XCConfigurationList;
			buildConfigurations = (
				AB0A02661F70C6C4004E602B /* Debug */,
				AB0A02671F70C6C4004E602B /* Release */,
			);
			defaultConfigurationIsVisible = 0;
			defaultConfigurationName = Release;
		};
		AB0A02681F70C6C4004E602B /* Build configuration list for PBXNativeTarget "HYButton" */ = {
			isa = XCConfigurationList;
			buildConfigurations = (
				AB0A02691F70C6C4004E602B /* Debug */,
				AB0A026A1F70C6C4004E602B /* Release */,
			);
			defaultConfigurationIsVisible = 0;
		};
/* End XCConfigurationList section */
	};
	rootObject = AB0A02491F70C6C3004E602B /* Project object */;
}
